
Microsoft Visual Studio Solution File, Format Version 12.00
# Visual Studio Version 17
VisualStudioVersion = 17.6.33801.468
MinimumVisualStudioVersion = 10.0.40219.1
Project("{FAE04EC0-301F-11D3-BF4B-00C04F79EFBC}") = "DapperGettingStartedWeb", "DapperGettingStartedWeb\DapperGettingStartedWeb.csproj", "{FA6821AF-3FD7-4683-8EB6-342E1813E540}"
EndProject
Global
	GlobalSection(SolutionConfigurationPlatforms) = preSolution
		Debug|Any CPU = Debug|Any CPU
		Release|Any CPU = Release|Any CPU
	EndGlobalSection
	GlobalSection(ProjectConfigurationPlatforms) = postSolution
		{FA6821AF-3FD7-4683-8EB6-342E1813E540}.Debug|Any CPU.ActiveCfg = Debug|Any CPU
		{FA6821AF-3FD7-4683-8EB6-342E1813E540}.Debug|Any CPU.Build.0 = Debug|Any CPU
		{FA6821AF-3FD7-4683-8EB6-342E1813E540}.Release|Any CPU.ActiveCfg = Release|Any CPU
		{FA6821AF-3FD7-4683-8EB6-342E1813E540}.Release|Any CPU.Build.0 = Release|Any CPU
	EndGlobalSection
	GlobalSection(SolutionProperties) = preSolution
		HideSolutionNode = FALSE
	EndGlobalSection
	GlobalSection(ExtensibilityGlobals) = postSolution
		SolutionGuid = {9C382580-8A48-4D74-978C-93809DB06481}
	EndGlobalSection
EndGlobal
